
Microsoft Visual Studio Solution File, Format Version 12.00
# Visual Studio Version 17
VisualStudioVersion = 17.0.31903.59
MinimumVisualStudioVersion = 10.0.40219.1
Project("{2150E333-8FDC-42A3-9474-1A3956D46DE8}") = "src", "src", "{827E0CD3-B72D-47B6-A68D-7590B98EB39B}"
EndProject
Project("{FAE04EC0-301F-11D3-BF4B-00C04F79EFBC}") = "FormR.Core", "src\FormR.Core\FormR.Core.csproj", "{E21AC779-9AEC-4EC2-85F9-EDC27EA38EB0}"
EndProject
Project("{FAE04EC0-301F-11D3-BF4B-00C04F79EFBC}") = "FormR.Data", "src\FormR.Data\FormR.Data.csproj", "{EB1ACEED-24CD-4808-88CA-7A8347C82DF4}"
EndProject
Project("{FAE04EC0-301F-11D3-BF4B-00C04F79EFBC}") = "FormR.API", "src\FormR.API\FormR.API.csproj", "{4D33761B-F342-45B4-AC4E-1ED56CD0A26B}"
EndProject
Project("{2150E333-8FDC-42A3-9474-1A3956D46DE8}") = "tests", "tests", "{0AB3BF05-4346-4AA6-1389-037BE0695223}"
EndProject
Project("{FAE04EC0-301F-11D3-BF4B-00C04F79EFBC}") = "FormR.Core.Tests", "tests\FormR.Core.Tests\FormR.Core.Tests.csproj", "{598F3502-2716-4C99-9047-A2F38EEF5DAA}"
EndProject
Project("{FAE04EC0-301F-11D3-BF4B-00C04F79EFBC}") = "FormR.Data.Tests", "tests\FormR.Data.Tests\FormR.Data.Tests.csproj", "{72803D80-A0C1-4E27-91F0-82469AE2644D}"
EndProject
Project("{FAE04EC0-301F-11D3-BF4B-00C04F79EFBC}") = "FormR.API.Tests", "tests\FormR.API.Tests\FormR.API.Tests.csproj", "{C7D9B3F3-4AAC-4B55-8231-A83EF1B805D4}"
EndProject
Global
	GlobalSection(SolutionConfigurationPlatforms) = preSolution
		Debug|Any CPU = Debug|Any CPU
		Debug|x64 = Debug|x64
		Debug|x86 = Debug|x86
		Release|Any CPU = Release|Any CPU
		Release|x64 = Release|x64
		Release|x86 = Release|x86
	EndGlobalSection
	GlobalSection(ProjectConfigurationPlatforms) = postSolution
		{E21AC779-9AEC-4EC2-85F9-EDC27EA38EB0}.Debug|Any CPU.ActiveCfg = Debug|Any CPU
		{E21AC779-9AEC-4EC2-85F9-EDC27EA38EB0}.Debug|Any CPU.Build.0 = Debug|Any CPU
		{E21AC779-9AEC-4EC2-85F9-EDC27EA38EB0}.Debug|x64.ActiveCfg = Debug|Any CPU
		{E21AC779-9AEC-4EC2-85F9-EDC27EA38EB0}.Debug|x64.Build.0 = Debug|Any CPU
		{E21AC779-9AEC-4EC2-85F9-EDC27EA38EB0}.Debug|x86.ActiveCfg = Debug|Any CPU
		{E21AC779-9AEC-4EC2-85F9-EDC27EA38EB0}.Debug|x86.Build.0 = Debug|Any CPU
		{E21AC779-9AEC-4EC2-85F9-EDC27EA38EB0}.Release|Any CPU.ActiveCfg = Release|Any CPU
		{E21AC779-9AEC-4EC2-85F9-EDC27EA38EB0}.Release|Any CPU.Build.0 = Release|Any CPU
		{E21AC779-9AEC-4EC2-85F9-EDC27EA38EB0}.Release|x64.ActiveCfg = Release|Any CPU
		{E21AC779-9AEC-4EC2-85F9-EDC27EA38EB0}.Release|x64.Build.0 = Release|Any CPU
		{E21AC779-9AEC-4EC2-85F9-EDC27EA38EB0}.Release|x86.ActiveCfg = Release|Any CPU
		{E21AC779-9AEC-4EC2-85F9-EDC27EA38EB0}.Release|x86.Build.0 = Release|Any CPU
		{EB1ACEED-24CD-4808-88CA-7A8347C82DF4}.Debug|Any CPU.ActiveCfg = Debug|Any CPU
		{EB1ACEED-24CD-4808-88CA-7A8347C82DF4}.Debug|Any CPU.Build.0 = Debug|Any CPU
		{EB1ACEED-24CD-4808-88CA-7A8347C82DF4}.Debug|x64.ActiveCfg = Debug|Any CPU
		{EB1ACEED-24CD-4808-88CA-7A8347C82DF4}.Debug|x64.Build.0 = Debug|Any CPU
		{EB1ACEED-24CD-4808-88CA-7A8347C82DF4}.Debug|x86.ActiveCfg = Debug|Any CPU
		{EB1ACEED-24CD-4808-88CA-7A8347C82DF4}.Debug|x86.Build.0 = Debug|Any CPU
		{EB1ACEED-24CD-4808-88CA-7A8347C82DF4}.Release|Any CPU.ActiveCfg = Release|Any CPU
		{EB1ACEED-24CD-4808-88CA-7A8347C82DF4}.Release|Any CPU.Build.0 = Release|Any CPU
		{EB1ACEED-24CD-4808-88CA-7A8347C82DF4}.Release|x64.ActiveCfg = Release|Any CPU
		{EB1ACEED-24CD-4808-88CA-7A8347C82DF4}.Release|x64.Build.0 = Release|Any CPU
		{EB1ACEED-24CD-4808-88CA-7A8347C82DF4}.Release|x86.ActiveCfg = Release|Any CPU
		{EB1ACEED-24CD-4808-88CA-7A8347C82DF4}.Release|x86.Build.0 = Release|Any CPU
		{4D33761B-F342-45B4-AC4E-1ED56CD0A26B}.Debug|Any CPU.ActiveCfg = Debug|Any CPU
		{4D33761B-F342-45B4-AC4E-1ED56CD0A26B}.Debug|Any CPU.Build.0 = Debug|Any CPU
		{4D33761B-F342-45B4-AC4E-1ED56CD0A26B}.Debug|x64.ActiveCfg = Debug|Any CPU
		{4D33761B-F342-45B4-AC4E-1ED56CD0A26B}.Debug|x64.Build.0 = Debug|Any CPU
		{4D33761B-F342-45B4-AC4E-1ED56CD0A26B}.Debug|x86.ActiveCfg = Debug|Any CPU
		{4D33761B-F342-45B4-AC4E-1ED56CD0A26B}.Debug|x86.Build.0 = Debug|Any CPU
		{4D33761B-F342-45B4-AC4E-1ED56CD0A26B}.Release|Any CPU.ActiveCfg = Release|Any CPU
		{4D33761B-F342-45B4-AC4E-1ED56CD0A26B}.Release|Any CPU.Build.0 = Release|Any CPU
		{4D33761B-F342-45B4-AC4E-1ED56CD0A26B}.Release|x64.ActiveCfg = Release|Any CPU
		{4D33761B-F342-45B4-AC4E-1ED56CD0A26B}.Release|x64.Build.0 = Release|Any CPU
		{4D33761B-F342-45B4-AC4E-1ED56CD0A26B}.Release|x86.ActiveCfg = Release|Any CPU
		{4D33761B-F342-45B4-AC4E-1ED56CD0A26B}.Release|x86.Build.0 = Release|Any CPU
		{598F3502-2716-4C99-9047-A2F38EEF5DAA}.Debug|Any CPU.ActiveCfg = Debug|Any CPU
		{598F3502-2716-4C99-9047-A2F38EEF5DAA}.Debug|Any CPU.Build.0 = Debug|Any CPU
		{598F3502-2716-4C99-9047-A2F38EEF5DAA}.Debug|x64.ActiveCfg = Debug|Any CPU
		{598F3502-2716-4C99-9047-A2F38EEF5DAA}.Debug|x64.Build.0 = Debug|Any CPU
		{598F3502-2716-4C99-9047-A2F38EEF5DAA}.Debug|x86.ActiveCfg = Debug|Any CPU
		{598F3502-2716-4C99-9047-A2F38EEF5DAA}.Debug|x86.Build.0 = Debug|Any CPU
		{598F3502-2716-4C99-9047-A2F38EEF5DAA}.Release|Any CPU.ActiveCfg = Release|Any CPU
		{598F3502-2716-4C99-9047-A2F38EEF5DAA}.Release|Any CPU.Build.0 = Release|Any CPU
		{598F3502-2716-4C99-9047-A2F38EEF5DAA}.Release|x64.ActiveCfg = Release|Any CPU
		{598F3502-2716-4C99-9047-A2F38EEF5DAA}.Release|x64.Build.0 = Release|Any CPU
		{598F3502-2716-4C99-9047-A2F38EEF5DAA}.Release|x86.ActiveCfg = Release|Any CPU
		{598F3502-2716-4C99-9047-A2F38EEF5DAA}.Release|x86.Build.0 = Release|Any CPU
		{72803D80-A0C1-4E27-91F0-82469AE2644D}.Debug|Any CPU.ActiveCfg = Debug|Any CPU
		{72803D80-A0C1-4E27-91F0-82469AE2644D}.Debug|Any CPU.Build.0 = Debug|Any CPU
		{72803D80-A0C1-4E27-91F0-82469AE2644D}.Debug|x64.ActiveCfg = Debug|Any CPU
		{72803D80-A0C1-4E27-91F0-82469AE2644D}.Debug|x64.Build.0 = Debug|Any CPU
		{72803D80-A0C1-4E27-91F0-82469AE2644D}.Debug|x86.ActiveCfg = Debug|Any CPU
		{72803D80-A0C1-4E27-91F0-82469AE2644D}.Debug|x86.Build.0 = Debug|Any CPU
		{72803D80-A0C1-4E27-91F0-82469AE2644D}.Release|Any CPU.ActiveCfg = Release|Any CPU
		{72803D80-A0C1-4E27-91F0-82469AE2644D}.Release|Any CPU.Build.0 = Release|Any CPU
		{72803D80-A0C1-4E27-91F0-82469AE2644D}.Release|x64.ActiveCfg = Release|Any CPU
		{72803D80-A0C1-4E27-91F0-82469AE2644D}.Release|x64.Build.0 = Release|Any CPU
		{72803D80-A0C1-4E27-91F0-82469AE2644D}.Release|x86.ActiveCfg = Release|Any CPU
		{72803D80-A0C1-4E27-91F0-82469AE2644D}.Release|x86.Build.0 = Release|Any CPU
		{C7D9B3F3-4AAC-4B55-8231-A83EF1B805D4}.Debug|Any CPU.ActiveCfg = Debug|Any CPU
		{C7D9B3F3-4AAC-4B55-8231-A83EF1B805D4}.Debug|Any CPU.Build.0 = Debug|Any CPU
		{C7D9B3F3-4AAC-4B55-8231-A83EF1B805D4}.Debug|x64.ActiveCfg = Debug|Any CPU
		{C7D9B3F3-4AAC-4B55-8231-A83EF1B805D4}.Debug|x64.Build.0 = Debug|Any CPU
		{C7D9B3F3-4AAC-4B55-8231-A83EF1B805D4}.Debug|x86.ActiveCfg = Debug|Any CPU
		{C7D9B3F3-4AAC-4B55-8231-A83EF1B805D4}.Debug|x86.Build.0 = Debug|Any CPU
		{C7D9B3F3-4AAC-4B55-8231-A83EF1B805D4}.Release|Any CPU.ActiveCfg = Release|Any CPU
		{C7D9B3F3-4AAC-4B55-8231-A83EF1B805D4}.Release|Any CPU.Build.0 = Release|Any CPU
		{C7D9B3F3-4AAC-4B55-8231-A83EF1B805D4}.Release|x64.ActiveCfg = Release|Any CPU
		{C7D9B3F3-4AAC-4B55-8231-A83EF1B805D4}.Release|x64.Build.0 = Release|Any CPU
		{C7D9B3F3-4AAC-4B55-8231-A83EF1B805D4}.Release|x86.ActiveCfg = Release|Any CPU
		{C7D9B3F3-4AAC-4B55-8231-A83EF1B805D4}.Release|x86.Build.0 = Release|Any CPU
	EndGlobalSection
	GlobalSection(SolutionProperties) = preSolution
		HideSolutionNode = FALSE
	EndGlobalSection
	GlobalSection(NestedProjects) = preSolution
		{E21AC779-9AEC-4EC2-85F9-EDC27EA38EB0} = {827E0CD3-B72D-47B6-A68D-7590B98EB39B}
		{EB1ACEED-24CD-4808-88CA-7A8347C82DF4} = {827E0CD3-B72D-47B6-A68D-7590B98EB39B}
		{4D33761B-F342-45B4-AC4E-1ED56CD0A26B} = {827E0CD3-B72D-47B6-A68D-7590B98EB39B}
		{598F3502-2716-4C99-9047-A2F38EEF5DAA} = {0AB3BF05-4346-4AA6-1389-037BE0695223}
		{72803D80-A0C1-4E27-91F0-82469AE2644D} = {0AB3BF05-4346-4AA6-1389-037BE0695223}
		{C7D9B3F3-4AAC-4B55-8231-A83EF1B805D4} = {0AB3BF05-4346-4AA6-1389-037BE0695223}
	EndGlobalSection
EndGlobal
